
Microsoft Visual Studio Solution File, Format Version 12.00
# Visual Studio Version 16
VisualStudioVersion = 16.0.30114.105
MinimumVisualStudioVersion = 10.0.40219.1
Project("{FAE04EC0-301F-11D3-BF4B-00C04F79EFBC}") = "Repro.ClassLib", "Repro.ClassLib\Repro.ClassLib.csproj", "{731C0226-1A4E-48C4-BEE6-98D8EAF726BC}"
EndProject
Project("{FAE04EC0-301F-11D3-BF4B-00C04F79EFBC}") = "Repro.ConsoleApp", "Repro.ConsoleApp\Repro.ConsoleApp.csproj", "{6C9CCF8C-01A6-4E7F-B678-3822CAC5CE70}"
EndProject
Project("{FAE04EC0-301F-11D3-BF4B-00C04F79EFBC}") = "Repro.Maui", "Repro.Maui\Repro.Maui.csproj", "{DA28F4DB-2B18-4E31-A00A-4B684E8F2641}"
EndProject
Global
	GlobalSection(SolutionConfigurationPlatforms) = preSolution
		Debug|Any CPU = Debug|Any CPU
		Release|Any CPU = Release|Any CPU
	EndGlobalSection
	GlobalSection(SolutionProperties) = preSolution
		HideSolutionNode = FALSE
	EndGlobalSection
	GlobalSection(ProjectConfigurationPlatforms) = postSolution
		{731C0226-1A4E-48C4-BEE6-98D8EAF726BC}.Debug|Any CPU.ActiveCfg = Debug|Any CPU
		{731C0226-1A4E-48C4-BEE6-98D8EAF726BC}.Debug|Any CPU.Build.0 = Debug|Any CPU
		{731C0226-1A4E-48C4-BEE6-98D8EAF726BC}.Release|Any CPU.ActiveCfg = Release|Any CPU
		{731C0226-1A4E-48C4-BEE6-98D8EAF726BC}.Release|Any CPU.Build.0 = Release|Any CPU
		{6C9CCF8C-01A6-4E7F-B678-3822CAC5CE70}.Debug|Any CPU.ActiveCfg = Debug|Any CPU
		{6C9CCF8C-01A6-4E7F-B678-3822CAC5CE70}.Debug|Any CPU.Build.0 = Debug|Any CPU
		{6C9CCF8C-01A6-4E7F-B678-3822CAC5CE70}.Release|Any CPU.ActiveCfg = Release|Any CPU
		{6C9CCF8C-01A6-4E7F-B678-3822CAC5CE70}.Release|Any CPU.Build.0 = Release|Any CPU
		{DA28F4DB-2B18-4E31-A00A-4B684E8F2641}.Debug|Any CPU.ActiveCfg = Debug|Any CPU
		{DA28F4DB-2B18-4E31-A00A-4B684E8F2641}.Debug|Any CPU.Build.0 = Debug|Any CPU
		{DA28F4DB-2B18-4E31-A00A-4B684E8F2641}.Release|Any CPU.ActiveCfg = Release|Any CPU
		{DA28F4DB-2B18-4E31-A00A-4B684E8F2641}.Release|Any CPU.Build.0 = Release|Any CPU
	EndGlobalSection
EndGlobal
